
Microsoft Visual Studio Solution File, Format Version 12.00
# Visual Studio Version 17
VisualStudioVersion = 17.9.34714.143
MinimumVisualStudioVersion = 10.0.40219.1
Project("{FAE04EC0-301F-11D3-BF4B-00C04F79EFBC}") = "Omok", "Omok\Omok.csproj", "{076DFD8E-7BE0-492B-B909-AED125638007}"
EndProject
Project("{FAE04EC0-301F-11D3-BF4B-00C04F79EFBC}") = "Server", "Server\Server.csproj", "{4BE77650-6AEC-426E-BE88-CA6FAF83BB6A}"
EndProject
Project("{FAE04EC0-301F-11D3-BF4B-00C04F79EFBC}") = "Shared", "Shared\Shared.csproj", "{6483AF9F-4D42-4EED-AB0A-FCFA0C8DA72B}"
EndProject
Global
	GlobalSection(SolutionConfigurationPlatforms) = preSolution
		Debug|Any CPU = Debug|Any CPU
		Release|Any CPU = Release|Any CPU
	EndGlobalSection
	GlobalSection(ProjectConfigurationPlatforms) = postSolution
		{076DFD8E-7BE0-492B-B909-AED125638007}.Debug|Any CPU.ActiveCfg = Debug|Any CPU
		{076DFD8E-7BE0-492B-B909-AED125638007}.Debug|Any CPU.Build.0 = Debug|Any CPU
		{076DFD8E-7BE0-492B-B909-AED125638007}.Release|Any CPU.ActiveCfg = Release|Any CPU
		{076DFD8E-7BE0-492B-B909-AED125638007}.Release|Any CPU.Build.0 = Release|Any CPU
		{4BE77650-6AEC-426E-BE88-CA6FAF83BB6A}.Debug|Any CPU.ActiveCfg = Debug|Any CPU
		{4BE77650-6AEC-426E-BE88-CA6FAF83BB6A}.Debug|Any CPU.Build.0 = Debug|Any CPU
		{4BE77650-6AEC-426E-BE88-CA6FAF83BB6A}.Release|Any CPU.ActiveCfg = Release|Any CPU
		{4BE77650-6AEC-426E-BE88-CA6FAF83BB6A}.Release|Any CPU.Build.0 = Release|Any CPU
		{6483AF9F-4D42-4EED-AB0A-FCFA0C8DA72B}.Debug|Any CPU.ActiveCfg = Debug|Any CPU
		{6483AF9F-4D42-4EED-AB0A-FCFA0C8DA72B}.Debug|Any CPU.Build.0 = Debug|Any CPU
		{6483AF9F-4D42-4EED-AB0A-FCFA0C8DA72B}.Release|Any CPU.ActiveCfg = Release|Any CPU
		{6483AF9F-4D42-4EED-AB0A-FCFA0C8DA72B}.Release|Any CPU.Build.0 = Release|Any CPU
	EndGlobalSection
	GlobalSection(SolutionProperties) = preSolution
		HideSolutionNode = FALSE
	EndGlobalSection
	GlobalSection(ExtensibilityGlobals) = postSolution
		SolutionGuid = {A93FD951-095E-487E-9E6C-247E1B2D0DF0}
	EndGlobalSection
EndGlobal
